
Microsoft Visual Studio Solution File, Format Version 12.00
# Visual Studio Version 16
VisualStudioVersion = 16.0.30002.166
MinimumVisualStudioVersion = 10.0.40219.1
Project("{FAE04EC0-301F-11D3-BF4B-00C04F79EFBC}") = "OOP_L_4_L_5", "OOP_L_4_L_5\OOP_L_4_L_5.csproj", "{9E2AF896-8F18-4BA4-8922-BEB6AD74254F}"
EndProject
Global
	GlobalSection(SolutionConfigurationPlatforms) = preSolution
		Debug|Any CPU = Debug|Any CPU
		Release|Any CPU = Release|Any CPU
	EndGlobalSection
	GlobalSection(ProjectConfigurationPlatforms) = postSolution
		{9E2AF896-8F18-4BA4-8922-BEB6AD74254F}.Debug|Any CPU.ActiveCfg = Debug|Any CPU
		{9E2AF896-8F18-4BA4-8922-BEB6AD74254F}.Debug|Any CPU.Build.0 = Debug|Any CPU
		{9E2AF896-8F18-4BA4-8922-BEB6AD74254F}.Release|Any CPU.ActiveCfg = Release|Any CPU
		{9E2AF896-8F18-4BA4-8922-BEB6AD74254F}.Release|Any CPU.Build.0 = Release|Any CPU
	EndGlobalSection
	GlobalSection(SolutionProperties) = preSolution
		HideSolutionNode = FALSE
	EndGlobalSection
	GlobalSection(ExtensibilityGlobals) = postSolution
		SolutionGuid = {44144FA2-889C-47EB-9D95-840DB23D5926}
	EndGlobalSection
EndGlobal
